{
  "name": "Projetos-diversos",
  "lockfileVersion": 2,
  "requires": true,
  "packages": {
    "": {
      "dependencies": {
        "@formkit/auto-animate": "^1.0.0-beta.3"
      }
    },
    "node_modules/@formkit/auto-animate": {
      "version": "1.0.0-beta.3",
      "resolved": "https://registry.npmjs.org/@formkit/auto-animate/-/auto-animate-1.0.0-beta.3.tgz",
      "integrity": "sha512-glsi+ytwQpxT/Ctr9GtcIfVr4dO6mJ04mQbNU8MFSdCdqMopHtyfU5Fib0+9lNFIeR0luY4/0NW95/2R5pKsag=="
    }
  },
  "dependencies": {
    "@formkit/auto-animate": {
      "version": "1.0.0-beta.3",
      "resolved": "https://registry.npmjs.org/@formkit/auto-animate/-/auto-animate-1.0.0-beta.3.tgz",
      "integrity": "sha512-glsi+ytwQpxT/Ctr9GtcIfVr4dO6mJ04mQbNU8MFSdCdqMopHtyfU5Fib0+9lNFIeR0luY4/0NW95/2R5pKsag=="
    }
  }
}
